
Microsoft Visual Studio Solution File, Format Version 12.00
# Visual Studio Version 17
VisualStudioVersion = 17.11.35312.102
MinimumVisualStudioVersion = 10.0.40219.1
Project("{FAE04EC0-301F-11D3-BF4B-00C04F79EFBC}") = "Ekzamen", "Ekzamen\Ekzamen.csproj", "{D0334E3B-ADB1-4AC5-A73F-D1923C401E8B}"
EndProject
Global
	GlobalSection(SolutionConfigurationPlatforms) = preSolution
		Debug|Any CPU = Debug|Any CPU
		Release|Any CPU = Release|Any CPU
	EndGlobalSection
	GlobalSection(ProjectConfigurationPlatforms) = postSolution
		{D0334E3B-ADB1-4AC5-A73F-D1923C401E8B}.Debug|Any CPU.ActiveCfg = Debug|Any CPU
		{D0334E3B-ADB1-4AC5-A73F-D1923C401E8B}.Debug|Any CPU.Build.0 = Debug|Any CPU
		{D0334E3B-ADB1-4AC5-A73F-D1923C401E8B}.Release|Any CPU.ActiveCfg = Release|Any CPU
		{D0334E3B-ADB1-4AC5-A73F-D1923C401E8B}.Release|Any CPU.Build.0 = Release|Any CPU
	EndGlobalSection
	GlobalSection(SolutionProperties) = preSolution
		HideSolutionNode = FALSE
	EndGlobalSection
	GlobalSection(ExtensibilityGlobals) = postSolution
		SolutionGuid = {AA459F39-53C3-43E8-B2EE-2465BC993391}
	EndGlobalSection
EndGlobal
